
Microsoft Visual Studio Solution File, Format Version 12.00
# Visual Studio 15
VisualStudioVersion = 15.0.28307.271
MinimumVisualStudioVersion = 10.0.40219.1
Project("{FAE04EC0-301F-11D3-BF4B-00C04F79EFBC}") = "GravyLiveWebApp", "GravyLiveWebApp\GravyLiveWebApp.csproj", "{35F48FA9-F3E7-47C2-9C0C-F7BACD89B197}"
EndProject
Global
	GlobalSection(SolutionConfigurationPlatforms) = preSolution
		Debug|Any CPU = Debug|Any CPU
		Release|Any CPU = Release|Any CPU
	EndGlobalSection
	GlobalSection(ProjectConfigurationPlatforms) = postSolution
		{35F48FA9-F3E7-47C2-9C0C-F7BACD89B197}.Debug|Any CPU.ActiveCfg = Debug|Any CPU
		{35F48FA9-F3E7-47C2-9C0C-F7BACD89B197}.Debug|Any CPU.Build.0 = Debug|Any CPU
		{35F48FA9-F3E7-47C2-9C0C-F7BACD89B197}.Release|Any CPU.ActiveCfg = Release|Any CPU
		{35F48FA9-F3E7-47C2-9C0C-F7BACD89B197}.Release|Any CPU.Build.0 = Release|Any CPU
	EndGlobalSection
	GlobalSection(SolutionProperties) = preSolution
		HideSolutionNode = FALSE
	EndGlobalSection
	GlobalSection(ExtensibilityGlobals) = postSolution
		SolutionGuid = {E5C7AB01-F3A1-45FD-B789-659A49956B99}
	EndGlobalSection
EndGlobal
